{
    "_readme": [
        "This file locks the dependencies of your project to a known state",
        "Read more about it at https://getcomposer.org/doc/01-basic-usage.md#installing-dependencies",
        "This file is @generated automatically"
    ],
    "content-hash": "40cca098f261388e9837d7c7a0baf4d4",
    "packages": [
        {
            "name": "composer/installers",
            "version": "v1.12.0",
            "source": {
                "type": "git",
                "url": "https://github.com/composer/installers.git",
                "reference": "d20a64ed3c94748397ff5973488761b22f6d3f19"
            },
            "dist": {
                "type": "zip",
                "url": "https://api.github.com/repos/composer/installers/zipball/d20a64ed3c94748397ff5973488761b22f6d3f19",
                "reference": "d20a64ed3c94748397ff5973488761b22f6d3f19",
                "shasum": ""
            },
            "require": {
                "composer-plugin-api": "^1.0 || ^2.0"
            },
            "replace": {
                "roundcube/plugin-installer": "*",
                "shama/baton": "*"
            },
            "require-dev": {
                "composer/composer": "1.6.* || ^2.0",
                "composer/semver": "^1 || ^3",
                "phpstan/phpstan": "^0.12.55",
                "phpstan/phpstan-phpunit": "^0.12.16",
                "symfony/phpunit-bridge": "^4.2 || ^5",
                "symfony/process": "^2.3"
            },
            "type": "composer-plugin",
            "extra": {
                "class": "Composer\\Installers\\Plugin",
                "branch-alias": {
                    "dev-main": "1.x-dev"
                }
            },
            "autoload": {
                "psr-4": {
                    "Composer\\Installers\\": "src/Composer/Installers"
                }
            },
            "notification-url": "https://packagist.org/downloads/",
            "license": [
                "MIT"
            ],
            "authors": [
                {
                    "name": "Kyle Robinson Young",
                    "email": "kyle@dontkry.com",
                    "homepage": "https://github.com/shama"
                }
            ],
            "description": "A multi-framework Composer library installer",
            "homepage": "https://composer.github.io/installers/",
            "keywords": [
                "Craft",
                "Dolibarr",
                "Eliasis",
                "Hurad",
                "ImageCMS",
                "Kanboard",
                "Lan Management System",
                "MODX Evo",
                "MantisBT",
                "Mautic",
                "Maya",
                "OXID",
                "Plentymarkets",
                "Porto",
                "RadPHP",
                "SMF",
                "Starbug",
                "Thelia",
                "Whmcs",
                "WolfCMS",
                "agl",
                "aimeos",
                "annotatecms",
                "attogram",
                "bitrix",
                "cakephp",
                "chef",
                "cockpit",
                "codeigniter",
                "concrete5",
                "croogo",
                "dokuwiki",
                "drupal",
                "eZ Platform",
                "elgg",
                "expressionengine",
                "fuelphp",
                "grav",
                "installer",
                "itop",
                "joomla",
                "known",
                "kohana",
                "laravel",
                "lavalite",
                "lithium",
                "magento",
                "majima",
                "mako",
                "mediawiki",
                "miaoxing",
                "modulework",
                "modx",
                "moodle",
                "osclass",
                "pantheon",
                "phpbb",
                "piwik",
                "ppi",
                "processwire",
                "puppet",
                "pxcms",
                "reindex",
                "roundcube",
                "shopware",
                "silverstripe",
                "sydes",
                "sylius",
                "symfony",
                "tastyigniter",
                "typo3",
                "wordpress",
                "yawik",
                "zend",
                "zikula"
            ],
            "support": {
                "issues": "https://github.com/composer/installers/issues",
                "source": "https://github.com/composer/installers/tree/v1.12.0"
            },
            "funding": [
                {
                    "url": "https://packagist.com",
                    "type": "custom"
                },
                {
                    "url": "https://github.com/composer",
                    "type": "github"
                },
                {
                    "url": "https://tidelift.com/funding/github/packagist/composer/composer",
                    "type": "tidelift"
                }
            ],
            "time": "2021-09-13T08:19:44+00:00"
        },
        {
            "name": "meta-box/mb-admin-columns",
            "version": "master",
            "dist": {
                "type": "zip",
                "url": "https://metabox.io/?action=download&product=mb-admin-columns&api_key=b9b31f222017793574eb84f700422e1b"
            },
            "require": {
                "composer/installers": "~1.0 || ~2.0"
            },
            "type": "wordpress-plugin"
        },
        {
            "name": "meta-box/mb-blocks",
            "version": "master",
            "dist": {
                "type": "zip",
                "url": "https://metabox.io/?action=download&product=mb-blocks&api_key=b9b31f222017793574eb84f700422e1b"
            },
            "require": {
                "composer/installers": "~1.0 || ~2.0"
            },
            "type": "wordpress-plugin"
        },
        {
            "name": "meta-box/mb-custom-table",
            "version": "master",
            "dist": {
                "type": "zip",
                "url": "https://metabox.io/?action=download&product=mb-custom-table&api_key=b9b31f222017793574eb84f700422e1b"
            },
            "require": {
                "composer/installers": "~1.0 || ~2.0"
            },
            "type": "wordpress-plugin"
        },
        {
            "name": "meta-box/mb-revision",
            "version": "master",
            "dist": {
                "type": "zip",
                "url": "https://metabox.io/?action=download&product=mb-revision&api_key=b9b31f222017793574eb84f700422e1b"
            },
            "require": {
                "composer/installers": "~1.0 || ~2.0"
            },
            "type": "wordpress-plugin"
        },
        {
            "name": "meta-box/mb-settings-page",
            "version": "master",
            "dist": {
                "type": "zip",
                "url": "https://metabox.io/?action=download&product=mb-settings-page&api_key=b9b31f222017793574eb84f700422e1b"
            },
            "require": {
                "composer/installers": "~1.0 || ~2.0"
            },
            "type": "wordpress-plugin"
        },
        {
            "name": "meta-box/meta-box-aio",
            "version": "master",
            "dist": {
                "type": "zip",
                "url": "https://metabox.io/?action=download&product=meta-box-aio&api_key=b9b31f222017793574eb84f700422e1b"
            },
            "require": {
                "composer/installers": "~1.0 || ~2.0"
            },
            "type": "wordpress-plugin"
        },
        {
            "name": "meta-box/meta-box-builder",
            "version": "master",
            "dist": {
                "type": "zip",
                "url": "https://metabox.io/?action=download&product=meta-box-builder&api_key=b9b31f222017793574eb84f700422e1b"
            },
            "require": {
                "composer/installers": "~1.0 || ~2.0"
            },
            "type": "wordpress-plugin"
        },
        {
            "name": "meta-box/meta-box-columns",
            "version": "master",
            "dist": {
                "type": "zip",
                "url": "https://metabox.io/?action=download&product=meta-box-columns&api_key=b9b31f222017793574eb84f700422e1b"
            },
            "require": {
                "composer/installers": "~1.0 || ~2.0"
            },
            "type": "wordpress-plugin"
        },
        {
            "name": "meta-box/meta-box-conditional-logic",
            "version": "master",
            "dist": {
                "type": "zip",
                "url": "https://metabox.io/?action=download&product=meta-box-conditional-logic&api_key=b9b31f222017793574eb84f700422e1b"
            },
            "require": {
                "composer/installers": "~1.0 || ~2.0"
            },
            "type": "wordpress-plugin"
        },
        {
            "name": "meta-box/meta-box-tabs",
            "version": "master",
            "dist": {
                "type": "zip",
                "url": "https://metabox.io/?action=download&product=meta-box-tabs&api_key=b9b31f222017793574eb84f700422e1b"
            },
            "require": {
                "composer/installers": "~1.0 || ~2.0"
            },
            "type": "wordpress-plugin"
        },
        {
            "name": "meta-box/meta-box-template",
            "version": "master",
            "dist": {
                "type": "zip",
                "url": "https://metabox.io/?action=download&product=meta-box-template&api_key=b9b31f222017793574eb84f700422e1b"
            },
            "require": {
                "composer/installers": "~1.0 || ~2.0"
            },
            "type": "wordpress-plugin"
        },
        {
            "name": "wpackagist-plugin/mb-comment-meta",
            "version": "dev-trunk",
            "source": {
                "type": "svn",
                "url": "https://plugins.svn.wordpress.org/mb-comment-meta/",
                "reference": "trunk"
            },
            "dist": {
                "type": "zip",
                "url": "https://downloads.wordpress.org/plugin/mb-comment-meta.zip?timestamp=1500349778"
            },
            "require": {
                "composer/installers": "^1.0 || ^2.0"
            },
            "type": "wordpress-plugin",
            "homepage": "https://wordpress.org/plugins/mb-comment-meta/",
            "time": "2017-07-18T03:49:38+00:00"
        },
        {
            "name": "wpackagist-plugin/mb-custom-post-type",
            "version": "dev-trunk",
            "source": {
                "type": "svn",
                "url": "https://plugins.svn.wordpress.org/mb-custom-post-type/",
                "reference": "trunk"
            },
            "dist": {
                "type": "zip",
                "url": "https://downloads.wordpress.org/plugin/mb-custom-post-type.zip?timestamp=1689650640"
            },
            "require": {
                "composer/installers": "^1.0 || ^2.0"
            },
            "type": "wordpress-plugin",
            "homepage": "https://wordpress.org/plugins/mb-custom-post-type/",
            "time": "2023-07-18T03:24:00+00:00"
        },
        {
            "name": "wpackagist-plugin/mb-relationships",
            "version": "1.11.2",
            "source": {
                "type": "svn",
                "url": "https://plugins.svn.wordpress.org/mb-relationships/",
                "reference": "tags/1.11.2"
            },
            "dist": {
                "type": "zip",
                "url": "https://downloads.wordpress.org/plugin/mb-relationships.1.11.2.zip"
            },
            "require": {
                "composer/installers": "^1.0 || ^2.0"
            },
            "type": "wordpress-plugin",
            "homepage": "https://wordpress.org/plugins/mb-relationships/"
        },
        {
            "name": "wpackagist-plugin/mb-rest-api",
            "version": "dev-trunk",
            "source": {
                "type": "svn",
                "url": "https://plugins.svn.wordpress.org/mb-rest-api/",
                "reference": "trunk"
            },
            "dist": {
                "type": "zip",
                "url": "https://downloads.wordpress.org/plugin/mb-rest-api.zip?timestamp=1692164329"
            },
            "require": {
                "composer/installers": "^1.0 || ^2.0"
            },
            "type": "wordpress-plugin",
            "homepage": "https://wordpress.org/plugins/mb-rest-api/",
            "time": "2023-08-16T05:38:49+00:00"
        },
        {
            "name": "wpackagist-plugin/meta-box",
            "version": "5.8.1",
            "source": {
                "type": "svn",
                "url": "https://plugins.svn.wordpress.org/meta-box/",
                "reference": "tags/5.8.1"
            },
            "dist": {
                "type": "zip",
                "url": "https://downloads.wordpress.org/plugin/meta-box.5.8.1.zip"
            },
            "require": {
                "composer/installers": "^1.0 || ^2.0"
            },
            "type": "wordpress-plugin",
            "homepage": "https://wordpress.org/plugins/meta-box/"
        },
        {
            "name": "wpackagist-plugin/meta-box-yoast-seo",
            "version": "dev-trunk",
            "source": {
                "type": "svn",
                "url": "https://plugins.svn.wordpress.org/meta-box-yoast-seo/",
                "reference": "trunk"
            },
            "dist": {
                "type": "zip",
                "url": "https://downloads.wordpress.org/plugin/meta-box-yoast-seo.zip?timestamp=1629856256"
            },
            "require": {
                "composer/installers": "^1.0 || ^2.0"
            },
            "type": "wordpress-plugin",
            "homepage": "https://wordpress.org/plugins/meta-box-yoast-seo/",
            "time": "2021-08-25T01:50:56+00:00"
        }
    ],
    "packages-dev": [],
    "aliases": [],
    "minimum-stability": "stable",
    "stability-flags": {
        "wpackagist-plugin/mb-comment-meta": 20,
        "wpackagist-plugin/mb-custom-post-type": 20,
        "wpackagist-plugin/mb-rest-api": 20,
        "wpackagist-plugin/meta-box-yoast-seo": 20,
        "meta-box/mb-admin-columns": 20,
        "meta-box/mb-blocks": 20,
        "meta-box/mb-custom-table": 20,
        "meta-box/mb-revision": 20,
        "meta-box/mb-settings-page": 20,
        "meta-box/meta-box-aio": 20,
        "meta-box/meta-box-builder": 20,
        "meta-box/meta-box-columns": 20,
        "meta-box/meta-box-conditional-logic": 20,
        "meta-box/meta-box-tabs": 20,
        "meta-box/meta-box-template": 20
    },
    "prefer-stable": false,
    "prefer-lowest": false,
    "platform": [],
    "platform-dev": [],
    "plugin-api-version": "2.6.0"
}
